{
  "name": "aquiis-simplestart-electron",
  "version": "1.1.1",
  "lockfileVersion": 3,
  "requires": true,
  "packages": {
    "": {
      "name": "aquiis-simplestart-electron",
      "version": "1.1.1",
      "dependencies": {
        "dasherize": "^2.0.0"
      }
    },
    "node_modules/dasherize": {
      "version": "2.0.0",
      "resolved": "https://registry.npmjs.org/dasherize/-/dasherize-2.0.0.tgz",
      "integrity": "sha512-APql/TZ6FdLEpf2z7/X2a2zyqK8juYtqaSVqxw9mYoQ64CXkfU15AeLh8pUszT8+fnYjgm6t0aIYpWKJbnLkuA==",
      "license": "MIT"
    }
  }
}
